// !$*UTF8*$!
{
	archiveVersion = 1;
	classes = {
	};
	objectVersion = 46;
	objects = {

/* Begin PBXBuildFile section */
		031318111F3A946600436B1B /* libsqlite3.tbd in Frameworks */ = {isa = PBXBuildFile; fileRef = 031318101F3A946600436B1B /* libsqlite3.tbd */; };
		031318141F3A94A500436B1B /* AudioToolbox.framework in Frameworks */ = {isa = PBXBuildFile; fileRef = 031318131F3A94A500436B1B /* AudioToolbox.framework */; };
		031318161F3A94F600436B1B /* SystemConfiguration.framework in Frameworks */ = {isa = PBXBuildFile; fileRef = 031318151F3A94F600436B1B /* SystemConfiguration.framework */; };
		037FF2251F4E3A2D0051315F /* NewCommentViewController.swift in Sources */ = {isa = PBXBuildFile; fileRef = 037FF2241F4E3A2D0051315F /* NewCommentViewController.swift */; };
		038B7FD61F3A924A00D59E61 /* AppDelegate.swift in Sources */ = {isa = PBXBuildFile; fileRef = 038B7FD51F3A924A00D59E61 /* AppDelegate.swift */; };
		038B7FD91F3A935E00D59E61 /* CoreData.framework in Frameworks */ = {isa = PBXBuildFile; fileRef = 038B7FD81F3A935E00D59E61 /* CoreData.framework */; };
		038E13B41F3A2E7B00C5D854 /* ViewController.swift in Sources */ = {isa = PBXBuildFile; fileRef = 038E13B31F3A2E7B00C5D854 /* ViewController.swift */; };
		038E13B71F3A2E7B00C5D854 /* Main.storyboard in Resources */ = {isa = PBXBuildFile; fileRef = 038E13B51F3A2E7B00C5D854 /* Main.storyboard */; };
		038E13BA1F3A2E7B00C5D854 /* AccountabilityPartner.xcdatamodeld in Sources */ = {isa = PBXBuildFile; fileRef = 038E13B81F3A2E7B00C5D854 /* AccountabilityPartner.xcdatamodeld */; };
		038E13BC1F3A2E7B00C5D854 /* Assets.xcassets in Resources */ = {isa = PBXBuildFile; fileRef = 038E13BB1F3A2E7B00C5D854 /* Assets.xcassets */; };
		038E13BF1F3A2E7B00C5D854 /* LaunchScreen.storyboard in Resources */ = {isa = PBXBuildFile; fileRef = 038E13BD1F3A2E7B00C5D854 /* LaunchScreen.storyboard */; };
		038E13D11F3A3D1300C5D854 /* Parse.framework in Frameworks */ = {isa = PBXBuildFile; fileRef = 038E13D01F3A3D1300C5D854 /* Parse.framework */; };
		038E13D31F3A3D1C00C5D854 /* Bolts.framework in Frameworks */ = {isa = PBXBuildFile; fileRef = 038E13D21F3A3D1C00C5D854 /* Bolts.framework */; };
		03C78D661F3D187800A28CF2 /* AllPostsViewController.swift in Sources */ = {isa = PBXBuildFile; fileRef = 03C78D651F3D187800A28CF2 /* AllPostsViewController.swift */; };
		03C78D681F3D189400A28CF2 /* PotentialPartnersViewController.swift in Sources */ = {isa = PBXBuildFile; fileRef = 03C78D671F3D189400A28CF2 /* PotentialPartnersViewController.swift */; };
		03C78D6A1F3D18AB00A28CF2 /* PartnerChatViewController.swift in Sources */ = {isa = PBXBuildFile; fileRef = 03C78D691F3D18AB00A28CF2 /* PartnerChatViewController.swift */; };
		03C78D6C1F3D18E100A28CF2 /* NewPostViewController.swift in Sources */ = {isa = PBXBuildFile; fileRef = 03C78D6B1F3D18E100A28CF2 /* NewPostViewController.swift */; };
		03C78D6E1F3D193800A28CF2 /* PostDetailsViewController.swift in Sources */ = {isa = PBXBuildFile; fileRef = 03C78D6D1F3D193800A28CF2 /* PostDetailsViewController.swift */; };
		03C78D761F4608FC00A28CF2 /* NavBarViewController.swift in Sources */ = {isa = PBXBuildFile; fileRef = 03C78D751F4608FC00A28CF2 /* NavBarViewController.swift */; };
		03C78D781F461B6500A28CF2 /* MatchesTableViewCell.swift in Sources */ = {isa = PBXBuildFile; fileRef = 03C78D771F461B6500A28CF2 /* MatchesTableViewCell.swift */; };
		03C78D7A1F461B9300A28CF2 /* PostTableViewCell.swift in Sources */ = {isa = PBXBuildFile; fileRef = 03C78D791F461B9300A28CF2 /* PostTableViewCell.swift */; };
/* End PBXBuildFile section */

/* Begin PBXFileReference section */
		031318101F3A946600436B1B /* libsqlite3.tbd */ = {isa = PBXFileReference; lastKnownFileType = "sourcecode.text-based-dylib-definition"; name = libsqlite3.tbd; path = usr/lib/libsqlite3.tbd; sourceTree = SDKROOT; };
		031318131F3A94A500436B1B /* AudioToolbox.framework */ = {isa = PBXFileReference; lastKnownFileType = wrapper.framework; name = AudioToolbox.framework; path = System/Library/Frameworks/AudioToolbox.framework; sourceTree = SDKROOT; };
		031318151F3A94F600436B1B /* SystemConfiguration.framework */ = {isa = PBXFileReference; lastKnownFileType = wrapper.framework; name = SystemConfiguration.framework; path = System/Library/Frameworks/SystemConfiguration.framework; sourceTree = SDKROOT; };
		037FF2241F4E3A2D0051315F /* NewCommentViewController.swift */ = {isa = PBXFileReference; fileEncoding = 4; lastKnownFileType = sourcecode.swift; name = NewCommentViewController.swift; path = ViewControllers/NewCommentViewController.swift; sourceTree = SOURCE_ROOT; };
		038B7FD51F3A924A00D59E61 /* AppDelegate.swift */ = {isa = PBXFileReference; fileEncoding = 4; lastKnownFileType = sourcecode.swift; name = AppDelegate.swift; path = ../AppDelegate.swift; sourceTree = "<group>"; };
		038B7FD81F3A935E00D59E61 /* CoreData.framework */ = {isa = PBXFileReference; lastKnownFileType = wrapper.framework; name = CoreData.framework; path = System/Library/Frameworks/CoreData.framework; sourceTree = SDKROOT; };
		038E13AE1F3A2E7B00C5D854 /* AccountabilityPartner.app */ = {isa = PBXFileReference; explicitFileType = wrapper.application; includeInIndex = 0; path = AccountabilityPartner.app; sourceTree = BUILT_PRODUCTS_DIR; };
		038E13B31F3A2E7B00C5D854 /* ViewController.swift */ = {isa = PBXFileReference; lastKnownFileType = sourcecode.swift; name = ViewController.swift; path = ../AccountabilityPartner/ViewController.swift; sourceTree = "<group>"; };
		038E13B61F3A2E7B00C5D854 /* Base */ = {isa = PBXFileReference; lastKnownFileType = file.storyboard; name = Base; path = Base.lproj/Main.storyboard; sourceTree = "<group>"; };
		038E13B91F3A2E7B00C5D854 /* AccountabilityPartner.xcdatamodel */ = {isa = PBXFileReference; lastKnownFileType = wrapper.xcdatamodel; path = AccountabilityPartner.xcdatamodel; sourceTree = "<group>"; };
		038E13BB1F3A2E7B00C5D854 /* Assets.xcassets */ = {isa = PBXFileReference; lastKnownFileType = folder.assetcatalog; name = Assets.xcassets; path = ../AccountabilityPartner/Assets.xcassets; sourceTree = "<group>"; };
		038E13BE1F3A2E7B00C5D854 /* Base */ = {isa = PBXFileReference; lastKnownFileType = file.storyboard; name = Base; path = Base.lproj/LaunchScreen.storyboard; sourceTree = "<group>"; };
		038E13C01F3A2E7B00C5D854 /* Info.plist */ = {isa = PBXFileReference; lastKnownFileType = text.plist.xml; name = Info.plist; path = ../AccountabilityPartner/Info.plist; sourceTree = "<group>"; };
		038E13D01F3A3D1300C5D854 /* Parse.framework */ = {isa = PBXFileReference; lastKnownFileType = wrapper.framework; path = Parse.framework; sourceTree = "<group>"; };
		038E13D21F3A3D1C00C5D854 /* Bolts.framework */ = {isa = PBXFileReference; lastKnownFileType = wrapper.framework; path = Bolts.framework; sourceTree = "<group>"; };
		03C78D651F3D187800A28CF2 /* AllPostsViewController.swift */ = {isa = PBXFileReference; fileEncoding = 4; lastKnownFileType = sourcecode.swift; name = AllPostsViewController.swift; path = ../AccountabilityPartner/AllPostsViewController.swift; sourceTree = "<group>"; };
		03C78D671F3D189400A28CF2 /* PotentialPartnersViewController.swift */ = {isa = PBXFileReference; fileEncoding = 4; lastKnownFileType = sourcecode.swift; name = PotentialPartnersViewController.swift; path = ../PotentialPartnersViewController.swift; sourceTree = "<group>"; };
		03C78D691F3D18AB00A28CF2 /* PartnerChatViewController.swift */ = {isa = PBXFileReference; fileEncoding = 4; lastKnownFileType = sourcecode.swift; name = PartnerChatViewController.swift; path = ../PartnerChatViewController.swift; sourceTree = "<group>"; };
		03C78D6B1F3D18E100A28CF2 /* NewPostViewController.swift */ = {isa = PBXFileReference; fileEncoding = 4; lastKnownFileType = sourcecode.swift; path = NewPostViewController.swift; sourceTree = "<group>"; };
		03C78D6D1F3D193800A28CF2 /* PostDetailsViewController.swift */ = {isa = PBXFileReference; fileEncoding = 4; lastKnownFileType = sourcecode.swift; name = PostDetailsViewController.swift; path = ViewControllers/PostDetailsViewController.swift; sourceTree = SOURCE_ROOT; };
		03C78D751F4608FC00A28CF2 /* NavBarViewController.swift */ = {isa = PBXFileReference; fileEncoding = 4; lastKnownFileType = sourcecode.swift; path = NavBarViewController.swift; sourceTree = "<group>"; };
		03C78D771F461B6500A28CF2 /* MatchesTableViewCell.swift */ = {isa = PBXFileReference; fileEncoding = 4; lastKnownFileType = sourcecode.swift; name = MatchesTableViewCell.swift; path = ../AccountabilityPartner/MatchesTableViewCell.swift; sourceTree = "<group>"; };
		03C78D791F461B9300A28CF2 /* PostTableViewCell.swift */ = {isa = PBXFileReference; fileEncoding = 4; lastKnownFileType = sourcecode.swift; name = PostTableViewCell.swift; path = ../AccountabilityPartner/PostTableViewCell.swift; sourceTree = "<group>"; };
/* End PBXFileReference section */

/* Begin PBXFrameworksBuildPhase section */
		038E13AB1F3A2E7B00C5D854 /* Frameworks */ = {
			isa = PBXFrameworksBuildPhase;
			buildActionMask = 2147483647;
			files = (
				031318161F3A94F600436B1B /* SystemConfiguration.framework in Frameworks */,
				031318141F3A94A500436B1B /* AudioToolbox.framework in Frameworks */,
				031318111F3A946600436B1B /* libsqlite3.tbd in Frameworks */,
				038B7FD91F3A935E00D59E61 /* CoreData.framework in Frameworks */,
				038E13D31F3A3D1C00C5D854 /* Bolts.framework in Frameworks */,
				038E13D11F3A3D1300C5D854 /* Parse.framework in Frameworks */,
			);
			runOnlyForDeploymentPostprocessing = 0;
		};
/* End PBXFrameworksBuildPhase section */

/* Begin PBXGroup section */
		038E13A51F3A2E7B00C5D854 = {
			isa = PBXGroup;
			children = (
				038E13CA1F3A39B000C5D854 /* Classes */,
				038E13C91F3A38D700C5D854 /* ViewControllers */,
				038E13B01F3A2E7B00C5D854 /* Views */,
				038E13C81F3A381D00C5D854 /* Frameworks */,
				038E13CB1F3A3A0200C5D854 /* Resources */,
			);
			sourceTree = "<group>";
		};
		038E13AF1F3A2E7B00C5D854 /* Products */ = {
			isa = PBXGroup;
			children = (
				038E13AE1F3A2E7B00C5D854 /* AccountabilityPartner.app */,
			);
			name = Products;
			path = ..;
			sourceTree = "<group>";
		};
		038E13B01F3A2E7B00C5D854 /* Views */ = {
			isa = PBXGroup;
			children = (
				038E13B51F3A2E7B00C5D854 /* Main.storyboard */,
				038E13BD1F3A2E7B00C5D854 /* LaunchScreen.storyboard */,
			);
			name = Views;
			path = AccountabilityPartner;
			sourceTree = "<group>";
		};
		038E13C81F3A381D00C5D854 /* Frameworks */ = {
			isa = PBXGroup;
			children = (
				031318151F3A94F600436B1B /* SystemConfiguration.framework */,
				031318131F3A94A500436B1B /* AudioToolbox.framework */,
				031318101F3A946600436B1B /* libsqlite3.tbd */,
				038B7FD81F3A935E00D59E61 /* CoreData.framework */,
				038E13D21F3A3D1C00C5D854 /* Bolts.framework */,
				038E13D01F3A3D1300C5D854 /* Parse.framework */,
			);
			path = Frameworks;
			sourceTree = "<group>";
		};
		038E13C91F3A38D700C5D854 /* ViewControllers */ = {
			isa = PBXGroup;
			children = (
				038E13B31F3A2E7B00C5D854 /* ViewController.swift */,
				03C78D651F3D187800A28CF2 /* AllPostsViewController.swift */,
				03C78D691F3D18AB00A28CF2 /* PartnerChatViewController.swift */,
				03C78D6B1F3D18E100A28CF2 /* NewPostViewController.swift */,
				03C78D671F3D189400A28CF2 /* PotentialPartnersViewController.swift */,
				03C78D6D1F3D193800A28CF2 /* PostDetailsViewController.swift */,
				037FF2241F4E3A2D0051315F /* NewCommentViewController.swift */,
			);
			path = ViewControllers;
			sourceTree = "<group>";
		};
		038E13CA1F3A39B000C5D854 /* Classes */ = {
			isa = PBXGroup;
			children = (
				03C78D751F4608FC00A28CF2 /* NavBarViewController.swift */,
				03C78D771F461B6500A28CF2 /* MatchesTableViewCell.swift */,
				03C78D791F461B9300A28CF2 /* PostTableViewCell.swift */,
				038B7FD51F3A924A00D59E61 /* AppDelegate.swift */,
			);
			path = Classes;
			sourceTree = "<group>";
		};
		038E13CB1F3A3A0200C5D854 /* Resources */ = {
			isa = PBXGroup;
			children = (
				038E13AF1F3A2E7B00C5D854 /* Products */,
				038E13C01F3A2E7B00C5D854 /* Info.plist */,
				038E13B81F3A2E7B00C5D854 /* AccountabilityPartner.xcdatamodeld */,
				038E13BB1F3A2E7B00C5D854 /* Assets.xcassets */,
			);
			path = Resources;
			sourceTree = "<group>";
		};
/* End PBXGroup section */

/* Begin PBXNativeTarget section */
		038E13AD1F3A2E7B00C5D854 /* AccountabilityPartner */ = {
			isa = PBXNativeTarget;
			buildConfigurationList = 038E13C31F3A2E7B00C5D854 /* Build configuration list for PBXNativeTarget "AccountabilityPartner" */;
			buildPhases = (
				038E13AA1F3A2E7B00C5D854 /* Sources */,
				038E13AB1F3A2E7B00C5D854 /* Frameworks */,
				038E13AC1F3A2E7B00C5D854 /* Resources */,
			);
			buildRules = (
			);
			dependencies = (
			);
			name = AccountabilityPartner;
			productName = AccountabilityPartner;
			productReference = 038E13AE1F3A2E7B00C5D854 /* AccountabilityPartner.app */;
			productType = "com.apple.product-type.application";
		};
/* End PBXNativeTarget section */

/* Begin PBXProject section */
		038E13A61F3A2E7B00C5D854 /* Project object */ = {
			isa = PBXProject;
			attributes = {
				LastSwiftUpdateCheck = 0830;
				LastUpgradeCheck = 0830;
				TargetAttributes = {
					038E13AD1F3A2E7B00C5D854 = {
						CreatedOnToolsVersion = 8.3.3;
						ProvisioningStyle = Automatic;
					};
				};
			};
			buildConfigurationList = 038E13A91F3A2E7B00C5D854 /* Build configuration list for PBXProject "AccountabilityPartner" */;
			compatibilityVersion = "Xcode 3.2";
			developmentRegion = English;
			hasScannedForEncodings = 0;
			knownRegions = (
				en,
				Base,
			);
			mainGroup = 038E13A51F3A2E7B00C5D854;
			productRefGroup = 038E13AF1F3A2E7B00C5D854 /* Products */;
			projectDirPath = "";
			projectRoot = "";
			targets = (
				038E13AD1F3A2E7B00C5D854 /* AccountabilityPartner */,
			);
		};
/* End PBXProject section */

/* Begin PBXResourcesBuildPhase section */
		038E13AC1F3A2E7B00C5D854 /* Resources */ = {
			isa = PBXResourcesBuildPhase;
			buildActionMask = 2147483647;
			files = (
				038E13BF1F3A2E7B00C5D854 /* LaunchScreen.storyboard in Resources */,
				038E13BC1F3A2E7B00C5D854 /* Assets.xcassets in Resources */,
				038E13B71F3A2E7B00C5D854 /* Main.storyboard in Resources */,
			);
			runOnlyForDeploymentPostprocessing = 0;
		};
/* End PBXResourcesBuildPhase section */

/* Begin PBXSourcesBuildPhase section */
		038E13AA1F3A2E7B00C5D854 /* Sources */ = {
			isa = PBXSourcesBuildPhase;
			buildActionMask = 2147483647;
			files = (
				03C78D7A1F461B9300A28CF2 /* PostTableViewCell.swift in Sources */,
				03C78D661F3D187800A28CF2 /* AllPostsViewController.swift in Sources */,
				03C78D6A1F3D18AB00A28CF2 /* PartnerChatViewController.swift in Sources */,
				038B7FD61F3A924A00D59E61 /* AppDelegate.swift in Sources */,
				03C78D6C1F3D18E100A28CF2 /* NewPostViewController.swift in Sources */,
				037FF2251F4E3A2D0051315F /* NewCommentViewController.swift in Sources */,
				038E13B41F3A2E7B00C5D854 /* ViewController.swift in Sources */,
				03C78D6E1F3D193800A28CF2 /* PostDetailsViewController.swift in Sources */,
				038E13BA1F3A2E7B00C5D854 /* AccountabilityPartner.xcdatamodeld in Sources */,
				03C78D781F461B6500A28CF2 /* MatchesTableViewCell.swift in Sources */,
				03C78D761F4608FC00A28CF2 /* NavBarViewController.swift in Sources */,
				03C78D681F3D189400A28CF2 /* PotentialPartnersViewController.swift in Sources */,
			);
			runOnlyForDeploymentPostprocessing = 0;
		};
/* End PBXSourcesBuildPhase section */

/* Begin PBXVariantGroup section */
		038E13B51F3A2E7B00C5D854 /* Main.storyboard */ = {
			isa = PBXVariantGroup;
			children = (
				038E13B61F3A2E7B00C5D854 /* Base */,
			);
			name = Main.storyboard;
			sourceTree = "<group>";
		};
		038E13BD1F3A2E7B00C5D854 /* LaunchScreen.storyboard */ = {
			isa = PBXVariantGroup;
			children = (
				038E13BE1F3A2E7B00C5D854 /* Base */,
			);
			name = LaunchScreen.storyboard;
			sourceTree = "<group>";
		};
/* End PBXVariantGroup section */

/* Begin XCBuildConfiguration section */
		038E13C11F3A2E7B00C5D854 /* Debug */ = {
			isa = XCBuildConfiguration;
			buildSettings = {
				ALWAYS_SEARCH_USER_PATHS = NO;
				CLANG_ANALYZER_NONNULL = YES;
				CLANG_ANALYZER_NUMBER_OBJECT_CONVERSION = YES_AGGRESSIVE;
				CLANG_CXX_LANGUAGE_STANDARD = "gnu++0x";
				CLANG_CXX_LIBRARY = "libc++";
				CLANG_ENABLE_MODULES = YES;
				CLANG_ENABLE_OBJC_ARC = YES;
				CLANG_WARN_BOOL_CONVERSION = YES;
				CLANG_WARN_CONSTANT_CONVERSION = YES;
				CLANG_WARN_DIRECT_OBJC_ISA_USAGE = YES_ERROR;
				CLANG_WARN_DOCUMENTATION_COMMENTS = YES;
				CLANG_WARN_EMPTY_BODY = YES;
				CLANG_WARN_ENUM_CONVERSION = YES;
				CLANG_WARN_INFINITE_RECURSION = YES;
				CLANG_WARN_INT_CONVERSION = YES;
				CLANG_WARN_OBJC_ROOT_CLASS = YES_ERROR;
				CLANG_WARN_SUSPICIOUS_MOVE = YES;
				CLANG_WARN_UNREACHABLE_CODE = YES;
				CLANG_WARN__DUPLICATE_METHOD_MATCH = YES;
				"CODE_SIGN_IDENTITY[sdk=iphoneos*]" = "iPhone Developer";
				COPY_PHASE_STRIP = NO;
				DEBUG_INFORMATION_FORMAT = dwarf;
				ENABLE_STRICT_OBJC_MSGSEND = YES;
				ENABLE_TESTABILITY = YES;
				GCC_C_LANGUAGE_STANDARD = gnu99;
				GCC_DYNAMIC_NO_PIC = NO;
				GCC_NO_COMMON_BLOCKS = YES;
				GCC_OPTIMIZATION_LEVEL = 0;
				GCC_PREPROCESSOR_DEFINITIONS = (
					"DEBUG=1",
					"$(inherited)",
				);
				GCC_WARN_64_TO_32_BIT_CONVERSION = YES;
				GCC_WARN_ABOUT_RETURN_TYPE = YES_ERROR;
				GCC_WARN_UNDECLARED_SELECTOR = YES;
				GCC_WARN_UNINITIALIZED_AUTOS = YES_AGGRESSIVE;
				GCC_WARN_UNUSED_FUNCTION = YES;
				GCC_WARN_UNUSED_VARIABLE = YES;
				IPHONEOS_DEPLOYMENT_TARGET = 10.3;
				MTL_ENABLE_DEBUG_INFO = YES;
				ONLY_ACTIVE_ARCH = YES;
				SDKROOT = iphoneos;
				SWIFT_ACTIVE_COMPILATION_CONDITIONS = DEBUG;
				SWIFT_OPTIMIZATION_LEVEL = "-Onone";
				TARGETED_DEVICE_FAMILY = "1,2";
			};
			name = Debug;
		};
		038E13C21F3A2E7B00C5D854 /* Release */ = {
			isa = XCBuildConfiguration;
			buildSettings = {
				ALWAYS_SEARCH_USER_PATHS = NO;
				CLANG_ANALYZER_NONNULL = YES;
				CLANG_ANALYZER_NUMBER_OBJECT_CONVERSION = YES_AGGRESSIVE;
				CLANG_CXX_LANGUAGE_STANDARD = "gnu++0x";
				CLANG_CXX_LIBRARY = "libc++";
				CLANG_ENABLE_MODULES = YES;
				CLANG_ENABLE_OBJC_ARC = YES;
				CLANG_WARN_BOOL_CONVERSION = YES;
				CLANG_WARN_CONSTANT_CONVERSION = YES;
				CLANG_WARN_DIRECT_OBJC_ISA_USAGE = YES_ERROR;
				CLANG_WARN_DOCUMENTATION_COMMENTS = YES;
				CLANG_WARN_EMPTY_BODY = YES;
				CLANG_WARN_ENUM_CONVERSION = YES;
				CLANG_WARN_INFINITE_RECURSION = YES;
				CLANG_WARN_INT_CONVERSION = YES;
				CLANG_WARN_OBJC_ROOT_CLASS = YES_ERROR;
				CLANG_WARN_SUSPICIOUS_MOVE = YES;
				CLANG_WARN_UNREACHABLE_CODE = YES;
				CLANG_WARN__DUPLICATE_METHOD_MATCH = YES;
				"CODE_SIGN_IDENTITY[sdk=iphoneos*]" = "iPhone Developer";
				COPY_PHASE_STRIP = NO;
				DEBUG_INFORMATION_FORMAT = "dwarf-with-dsym";
				ENABLE_NS_ASSERTIONS = NO;
				ENABLE_STRICT_OBJC_MSGSEND = YES;
				GCC_C_LANGUAGE_STANDARD = gnu99;
				GCC_NO_COMMON_BLOCKS = YES;
				GCC_WARN_64_TO_32_BIT_CONVERSION = YES;
				GCC_WARN_ABOUT_RETURN_TYPE = YES_ERROR;
				GCC_WARN_UNDECLARED_SELECTOR = YES;
				GCC_WARN_UNINITIALIZED_AUTOS = YES_AGGRESSIVE;
				GCC_WARN_UNUSED_FUNCTION = YES;
				GCC_WARN_UNUSED_VARIABLE = YES;
				IPHONEOS_DEPLOYMENT_TARGET = 10.3;
				MTL_ENABLE_DEBUG_INFO = NO;
				SDKROOT = iphoneos;
				SWIFT_OPTIMIZATION_LEVEL = "-Owholemodule";
				TARGETED_DEVICE_FAMILY = "1,2";
				VALIDATE_PRODUCT = YES;
			};
			name = Release;
		};
		038E13C41F3A2E7B00C5D854 /* Debug */ = {
			isa = XCBuildConfiguration;
			buildSettings = {
				ASSETCATALOG_COMPILER_APPICON_NAME = AppIcon;
				FRAMEWORK_SEARCH_PATHS = (
					"$(inherited)",
					"$(PROJECT_DIR)",
					"$(PROJECT_DIR)/Frameworks",
				);
				INFOPLIST_FILE = AccountabilityPartner/Info.plist;
				LD_RUNPATH_SEARCH_PATHS = "$(inherited) @executable_path/Frameworks";
				PRODUCT_BUNDLE_IDENTIFIER = com.example.AccountabilityPartner;
				PRODUCT_NAME = "$(TARGET_NAME)";
				SWIFT_VERSION = 3.0;
			};
			name = Debug;
		};
		038E13C51F3A2E7B00C5D854 /* Release */ = {
			isa = XCBuildConfiguration;
			buildSettings = {
				ASSETCATALOG_COMPILER_APPICON_NAME = AppIcon;
				FRAMEWORK_SEARCH_PATHS = (
					"$(inherited)",
					"$(PROJECT_DIR)",
					"$(PROJECT_DIR)/Frameworks",
				);
				INFOPLIST_FILE = AccountabilityPartner/Info.plist;
				LD_RUNPATH_SEARCH_PATHS = "$(inherited) @executable_path/Frameworks";
				PRODUCT_BUNDLE_IDENTIFIER = com.example.AccountabilityPartner;
				PRODUCT_NAME = "$(TARGET_NAME)";
				SWIFT_VERSION = 3.0;
			};
			name = Release;
		};
/* End XCBuildConfiguration section */

/* Begin XCConfigurationList section */
		038E13A91F3A2E7B00C5D854 /* Build configuration list for PBXProject "AccountabilityPartner" */ = {
			isa = XCConfigurationList;
			buildConfigurations = (
				038E13C11F3A2E7B00C5D854 /* Debug */,
				038E13C21F3A2E7B00C5D854 /* Release */,
			);
			defaultConfigurationIsVisible = 0;
			defaultConfigurationName = Release;
		};
		038E13C31F3A2E7B00C5D854 /* Build configuration list for PBXNativeTarget "AccountabilityPartner" */ = {
			isa = XCConfigurationList;
			buildConfigurations = (
				038E13C41F3A2E7B00C5D854 /* Debug */,
				038E13C51F3A2E7B00C5D854 /* Release */,
			);
			defaultConfigurationIsVisible = 0;
			defaultConfigurationName = Release;
		};
/* End XCConfigurationList section */

/* Begin XCVersionGroup section */
		038E13B81F3A2E7B00C5D854 /* AccountabilityPartner.xcdatamodeld */ = {
			isa = XCVersionGroup;
			children = (
				038E13B91F3A2E7B00C5D854 /* AccountabilityPartner.xcdatamodel */,
			);
			currentVersion = 038E13B91F3A2E7B00C5D854 /* AccountabilityPartner.xcdatamodel */;
			name = AccountabilityPartner.xcdatamodeld;
			path = ../AccountabilityPartner/AccountabilityPartner.xcdatamodeld;
			sourceTree = "<group>";
			versionGroupType = wrapper.xcdatamodel;
		};
/* End XCVersionGroup section */
	};
	rootObject = 038E13A61F3A2E7B00C5D854 /* Project object */;
}
